
Microsoft Visual Studio Solution File, Format Version 12.00
# Visual Studio Version 16
VisualStudioVersion = 16.0.29709.97
MinimumVisualStudioVersion = 10.0.40219.1
Project("{FAE04EC0-301F-11D3-BF4B-00C04F79EFBC}") = "examinationPlatform", "examinationPlatform\examinationPlatform.csproj", "{A6802BC5-45B9-4F89-BF31-500671D47E15}"
EndProject
Global
	GlobalSection(SolutionConfigurationPlatforms) = preSolution
		Debug|Any CPU = Debug|Any CPU
		Release|Any CPU = Release|Any CPU
	EndGlobalSection
	GlobalSection(ProjectConfigurationPlatforms) = postSolution
		{A6802BC5-45B9-4F89-BF31-500671D47E15}.Debug|Any CPU.ActiveCfg = Debug|Any CPU
		{A6802BC5-45B9-4F89-BF31-500671D47E15}.Debug|Any CPU.Build.0 = Debug|Any CPU
		{A6802BC5-45B9-4F89-BF31-500671D47E15}.Release|Any CPU.ActiveCfg = Release|Any CPU
		{A6802BC5-45B9-4F89-BF31-500671D47E15}.Release|Any CPU.Build.0 = Release|Any CPU
	EndGlobalSection
	GlobalSection(SolutionProperties) = preSolution
		HideSolutionNode = FALSE
	EndGlobalSection
	GlobalSection(ExtensibilityGlobals) = postSolution
		SolutionGuid = {0D43F9F1-14E3-4A1A-A424-8B796320E35E}
	EndGlobalSection
EndGlobal
